// !$*UTF8*$!
{
	archiveVersion = 1;
	classes = {
	};
	objectVersion = 54;
	objects = {

/* Begin PBXBuildFile section */
		10DC3279118176FE43A5B19C /* ShareExtension.appex in Embed App Extensions */ = {isa = PBXBuildFile; fileRef = 9F59E893ED845FD506E700CB /* ShareExtension.appex */; settings = {ATTRIBUTES = (RemoveHeadersOnCopy, ); }; };
		1498D2341E8E89220040F4C2 /* GeneratedPluginRegistrant.m in Sources */ = {isa = PBXBuildFile; fileRef = 1498D2331E8E89220040F4C2 /* GeneratedPluginRegistrant.m */; };
		198DDE3E6475140D777A1669 /* Pods_RunnerTests.framework in Frameworks */ = {isa = PBXBuildFile; fileRef = ACF9EEA382EF2CE099CF9F57 /* Pods_RunnerTests.framework */; };
		21362004F8147E8EE0FA9AB0 /* InfoPlist.strings in Resources */ = {isa = PBXBuildFile; fileRef = 247CE96FC56616A480D6D1AA /* InfoPlist.strings */; };
		331C808B294A63AB00263BE5 /* RunnerTests.swift in Sources */ = {isa = PBXBuildFile; fileRef = 331C807B294A618700263BE5 /* RunnerTests.swift */; };
		3B3967161E833CAA004F5970 /* AppFrameworkInfo.plist in Resources */ = {isa = PBXBuildFile; fileRef = 3B3967151E833CAA004F5970 /* AppFrameworkInfo.plist */; };
		6C978DAD2622F326762CD204 /* Foundation.framework in Frameworks */ = {isa = PBXBuildFile; fileRef = CBB403AF69965BB10AC5AC30 /* Foundation.framework */; };
		74858FAF1ED2DC5600515810 /* AppDelegate.swift in Sources */ = {isa = PBXBuildFile; fileRef = 74858FAE1ED2DC5600515810 /* AppDelegate.swift */; };
		83D8EEEC87CA6ED26C76FB0E /* Pods_Runner.framework in Frameworks */ = {isa = PBXBuildFile; fileRef = 72ABE2F1E87460B9684A8C25 /* Pods_Runner.framework */; };
		97C146FC1CF9000F007C117D /* Main.storyboard in Resources */ = {isa = PBXBuildFile; fileRef = 97C146FA1CF9000F007C117D /* Main.storyboard */; };
		97C146FE1CF9000F007C117D /* Assets.xcassets in Resources */ = {isa = PBXBuildFile; fileRef = 97C146FD1CF9000F007C117D /* Assets.xcassets */; };
		97C147011CF9000F007C117D /* LaunchScreen.storyboard in Resources */ = {isa = PBXBuildFile; fileRef = 97C146FF1CF9000F007C117D /* LaunchScreen.storyboard */; };
		D802BD76FFE8E372F17F3546 /* ShareViewController.swift in Sources */ = {isa = PBXBuildFile; fileRef = 2C40C3C8A57E52746343A228 /* ShareViewController.swift */; };
/* End PBXBuildFile section */

/* Begin PBXContainerItemProxy section */
		331C8085294A63A400263BE5 /* PBXContainerItemProxy */ = {
			isa = PBXContainerItemProxy;
			containerPortal = 97C146E61CF9000F007C117D /* Project object */;
			proxyType = 1;
			remoteGlobalIDString = 97C146ED1CF9000F007C117D;
			remoteInfo = Runner;
		};
		5719F6722D410AC8AA6D0CB7 /* PBXContainerItemProxy */ = {
			isa = PBXContainerItemProxy;
			containerPortal = 97C146E61CF9000F007C117D /* Project object */;
			proxyType = 1;
			remoteGlobalIDString = 81AE8E83440B009F06D22DC5;
			remoteInfo = ShareExtension;
		};
/* End PBXContainerItemProxy section */

/* Begin PBXCopyFilesBuildPhase section */
		9705A1C41CF9048500538489 /* Embed Frameworks */ = {
			isa = PBXCopyFilesBuildPhase;
			buildActionMask = 2147483647;
			dstPath = "";
			dstSubfolderSpec = 10;
			files = (
			);
			name = "Embed Frameworks";
			runOnlyForDeploymentPostprocessing = 0;
		};
		B0FD9B54CF5257F269EF0FDF /* Embed App Extensions */ = {
			isa = PBXCopyFilesBuildPhase;
			buildActionMask = 2147483647;
			dstPath = "";
			dstSubfolderSpec = 13;
			files = (
				10DC3279118176FE43A5B19C /* ShareExtension.appex in Embed App Extensions */,
			);
			name = "Embed App Extensions";
			runOnlyForDeploymentPostprocessing = 0;
		};
/* End PBXCopyFilesBuildPhase section */

/* Begin PBXFileReference section */
		02A19865C916F135DA8CDF1D /* ar */ = {isa = PBXFileReference; fileEncoding = 4; includeInIndex = 1; lastKnownFileType = text.plist.strings; name = ar; path = ar.lproj/InfoPlist.strings; sourceTree = "<group>"; };
		083EF22F805E8596662E76EB /* ru */ = {isa = PBXFileReference; fileEncoding = 4; includeInIndex = 1; lastKnownFileType = text.plist.strings; name = ru; path = ru.lproj/InfoPlist.strings; sourceTree = "<group>"; };
		0D826C8E8DB6268E131B3A26 /* sr */ = {isa = PBXFileReference; fileEncoding = 4; includeInIndex = 1; lastKnownFileType = text.plist.strings; name = sr; path = sr.lproj/InfoPlist.strings; sourceTree = "<group>"; };
		1049F50596BD15C377BC7947 /* zu */ = {isa = PBXFileReference; fileEncoding = 4; includeInIndex = 1; lastKnownFileType = text.plist.strings; name = zu; path = zu.lproj/InfoPlist.strings; sourceTree = "<group>"; };
		147344868CAC1A866C9161D0 /* fi */ = {isa = PBXFileReference; fileEncoding = 4; includeInIndex = 1; lastKnownFileType = text.plist.strings; name = fi; path = fi.lproj/InfoPlist.strings; sourceTree = "<group>"; };
		1498D2321E8E86230040F4C2 /* GeneratedPluginRegistrant.h */ = {isa = PBXFileReference; lastKnownFileType = sourcecode.c.h; path = GeneratedPluginRegistrant.h; sourceTree = "<group>"; };
		1498D2331E8E89220040F4C2 /* GeneratedPluginRegistrant.m */ = {isa = PBXFileReference; fileEncoding = 4; lastKnownFileType = sourcecode.c.objc; path = GeneratedPluginRegistrant.m; sourceTree = "<group>"; };
		1AD3D86E14F6F6A1139E83EB /* hu */ = {isa = PBXFileReference; fileEncoding = 4; includeInIndex = 1; lastKnownFileType = text.plist.strings; name = hu; path = hu.lproj/InfoPlist.strings; sourceTree = "<group>"; };
		1E76C36FA7CCD9EB21A45368 /* de */ = {isa = PBXFileReference; fileEncoding = 4; includeInIndex = 1; lastKnownFileType = text.plist.strings; name = de; path = de.lproj/InfoPlist.strings; sourceTree = "<group>"; };
		250E141AE02CF96464E617F4 /* Info.plist */ = {isa = PBXFileReference; includeInIndex = 1; lastKnownFileType = text.plist.xml; path = Info.plist; sourceTree = "<group>"; };
		2B114860560AE24E105DD562 /* or */ = {isa = PBXFileReference; fileEncoding = 4; includeInIndex = 1; lastKnownFileType = text.plist.strings; name = or; path = or.lproj/InfoPlist.strings; sourceTree = "<group>"; };
		2C40C3C8A57E52746343A228 /* ShareViewController.swift */ = {isa = PBXFileReference; includeInIndex = 1; lastKnownFileType = sourcecode.swift; path = ShareViewController.swift; sourceTree = "<group>"; };
		2DFEC7E4AFFEBCED1F984F3C /* ms */ = {isa = PBXFileReference; fileEncoding = 4; includeInIndex = 1; lastKnownFileType = text.plist.strings; name = ms; path = ms.lproj/InfoPlist.strings; sourceTree = "<group>"; };
		331C807B294A618700263BE5 /* RunnerTests.swift */ = {isa = PBXFileReference; lastKnownFileType = sourcecode.swift; path = RunnerTests.swift; sourceTree = "<group>"; };
		331C8081294A63A400263BE5 /* RunnerTests.xctest */ = {isa = PBXFileReference; explicitFileType = wrapper.cfbundle; includeInIndex = 0; path = RunnerTests.xctest; sourceTree = BUILT_PRODUCTS_DIR; };
		348F1B1D96C0ACF25FD471F5 /* sk */ = {isa = PBXFileReference; fileEncoding = 4; includeInIndex = 1; lastKnownFileType = text.plist.strings; name = sk; path = sk.lproj/InfoPlist.strings; sourceTree = "<group>"; };
		366F7258F0EDB7791C436DF3 /* ur */ = {isa = PBXFileReference; fileEncoding = 4; includeInIndex = 1; lastKnownFileType = text.plist.strings; name = ur; path = ur.lproj/InfoPlist.strings; sourceTree = "<group>"; };
		3B3967151E833CAA004F5970 /* AppFrameworkInfo.plist */ = {isa = PBXFileReference; fileEncoding = 4; lastKnownFileType = text.plist.xml; name = AppFrameworkInfo.plist; path = Flutter/AppFrameworkInfo.plist; sourceTree = "<group>"; };
		3B8802231F0BAA19881A35C1 /* tr */ = {isa = PBXFileReference; fileEncoding = 4; includeInIndex = 1; lastKnownFileType = text.plist.strings; name = tr; path = tr.lproj/InfoPlist.strings; sourceTree = "<group>"; };
		3F48E43B85AB1D740C1E812F /* bn */ = {isa = PBXFileReference; fileEncoding = 4; includeInIndex = 1; lastKnownFileType = text.plist.strings; name = bn; path = bn.lproj/InfoPlist.strings; sourceTree = "<group>"; };
		3F4E96232C55D73B6B00A670 /* mr */ = {isa = PBXFileReference; fileEncoding = 4; includeInIndex = 1; lastKnownFileType = text.plist.strings; name = mr; path = mr.lproj/InfoPlist.strings; sourceTree = "<group>"; };
		40C0F4D46252AD54C156312D /* bg */ = {isa = PBXFileReference; fileEncoding = 4; includeInIndex = 1; lastKnownFileType = text.plist.strings; name = bg; path = bg.lproj/InfoPlist.strings; sourceTree = "<group>"; };
		44534A8D30834302169FD1C0 /* pt */ = {isa = PBXFileReference; fileEncoding = 4; includeInIndex = 1; lastKnownFileType = text.plist.strings; name = pt; path = pt.lproj/InfoPlist.strings; sourceTree = "<group>"; };
		4B0C4DFBAF9D150B83561A4E /* uz */ = {isa = PBXFileReference; fileEncoding = 4; includeInIndex = 1; lastKnownFileType = text.plist.strings; name = uz; path = uz.lproj/InfoPlist.strings; sourceTree = "<group>"; };
		4B284E7E62CD14113A759233 /* kn */ = {isa = PBXFileReference; fileEncoding = 4; includeInIndex = 1; lastKnownFileType = text.plist.strings; name = kn; path = kn.lproj/InfoPlist.strings; sourceTree = "<group>"; };
		4CEED8EEBF2267CA63439FAA /* no */ = {isa = PBXFileReference; fileEncoding = 4; includeInIndex = 1; lastKnownFileType = text.plist.strings; name = no; path = no.lproj/InfoPlist.strings; sourceTree = "<group>"; };
		50C46EDEBF67D41C361E98A4 /* Pods-Runner.profile.xcconfig */ = {isa = PBXFileReference; includeInIndex = 1; lastKnownFileType = text.xcconfig; name = "Pods-Runner.profile.xcconfig"; path = "Target Support Files/Pods-Runner/Pods-Runner.profile.xcconfig"; sourceTree = "<group>"; };
		55069C483D7B69CF0C0BCDD4 /* Pods-RunnerTests.debug.xcconfig */ = {isa = PBXFileReference; includeInIndex = 1; lastKnownFileType = text.xcconfig; name = "Pods-RunnerTests.debug.xcconfig"; path = "Target Support Files/Pods-RunnerTests/Pods-RunnerTests.debug.xcconfig"; sourceTree = "<group>"; };
		55AFF6322EBDA08883DF7529 /* hi */ = {isa = PBXFileReference; fileEncoding = 4; includeInIndex = 1; lastKnownFileType = text.plist.strings; name = hi; path = hi.lproj/InfoPlist.strings; sourceTree = "<group>"; };
		55E2E60DF5D7E1A773B3B24D /* te */ = {isa = PBXFileReference; fileEncoding = 4; includeInIndex = 1; lastKnownFileType = text.plist.strings; name = te; path = te.lproj/InfoPlist.strings; sourceTree = "<group>"; };
		5FE1151A8653AB4008A45A73 /* Pods-Runner.debug.xcconfig */ = {isa = PBXFileReference; includeInIndex = 1; lastKnownFileType = text.xcconfig; name = "Pods-Runner.debug.xcconfig"; path = "Target Support Files/Pods-Runner/Pods-Runner.debug.xcconfig"; sourceTree = "<group>"; };
		61C7091807DBFE1B6D818621 /* ShareExtension.entitlements */ = {isa = PBXFileReference; includeInIndex = 1; lastKnownFileType = text.plist.entitlements; path = ShareExtension.entitlements; sourceTree = "<group>"; };
		6252348C9D37B4645DA677AB /* tl */ = {isa = PBXFileReference; fileEncoding = 4; includeInIndex = 1; lastKnownFileType = text.plist.strings; name = tl; path = tl.lproj/InfoPlist.strings; sourceTree = "<group>"; };
		63AC28A99703761663D6D05F /* he */ = {isa = PBXFileReference; fileEncoding = 4; includeInIndex = 1; lastKnownFileType = text.plist.strings; name = he; path = he.lproj/InfoPlist.strings; sourceTree = "<group>"; };
		6717E4EEF2CC3C7EB19E5307 /* uk */ = {isa = PBXFileReference; fileEncoding = 4; includeInIndex = 1; lastKnownFileType = text.plist.strings; name = uk; path = uk.lproj/InfoPlist.strings; sourceTree = "<group>"; };
		68F6288AABD0E04FCF1CD159 /* Pods-RunnerTests.profile.xcconfig */ = {isa = PBXFileReference; includeInIndex = 1; lastKnownFileType = text.xcconfig; name = "Pods-RunnerTests.profile.xcconfig"; path = "Target Support Files/Pods-RunnerTests/Pods-RunnerTests.profile.xcconfig"; sourceTree = "<group>"; };
		69E4A3D09860940965FF70C7 /* sw */ = {isa = PBXFileReference; fileEncoding = 4; includeInIndex = 1; lastKnownFileType = text.plist.strings; name = sw; path = sw.lproj/InfoPlist.strings; sourceTree = "<group>"; };
		7127F67B855F4E2D6CD80618 /* en */ = {isa = PBXFileReference; fileEncoding = 4; includeInIndex = 1; lastKnownFileType = text.plist.strings; name = en; path = en.lproj/InfoPlist.strings; sourceTree = "<group>"; };
		7210FD5B09029B0D88D2B1F6 /* cs */ = {isa = PBXFileReference; fileEncoding = 4; includeInIndex = 1; lastKnownFileType = text.plist.strings; name = cs; path = cs.lproj/InfoPlist.strings; sourceTree = "<group>"; };
		72ABE2F1E87460B9684A8C25 /* Pods_Runner.framework */ = {isa = PBXFileReference; explicitFileType = wrapper.framework; includeInIndex = 0; path = Pods_Runner.framework; sourceTree = BUILT_PRODUCTS_DIR; };
		73B97F6D580E0A713E99A29A /* pl */ = {isa = PBXFileReference; fileEncoding = 4; includeInIndex = 1; lastKnownFileType = text.plist.strings; name = pl; path = pl.lproj/InfoPlist.strings; sourceTree = "<group>"; };
		74858FAD1ED2DC5600515810 /* Runner-Bridging-Header.h */ = {isa = PBXFileReference; lastKnownFileType = sourcecode.c.h; path = "Runner-Bridging-Header.h"; sourceTree = "<group>"; };
		74858FAE1ED2DC5600515810 /* AppDelegate.swift */ = {isa = PBXFileReference; fileEncoding = 4; lastKnownFileType = sourcecode.swift; path = AppDelegate.swift; sourceTree = "<group>"; };
		7AFA3C8E1D35360C0083082E /* Release.xcconfig */ = {isa = PBXFileReference; lastKnownFileType = text.xcconfig; name = Release.xcconfig; path = Flutter/Release.xcconfig; sourceTree = "<group>"; };
		869AE43D2EEE15AFEBC5772A /* zh-Hans */ = {isa = PBXFileReference; fileEncoding = 4; includeInIndex = 1; lastKnownFileType = text.plist.strings; name = "zh-Hans"; path = "zh-Hans.lproj/InfoPlist.strings"; sourceTree = "<group>"; };
		8A04820F8010AC10DC4C09C5 /* es-US */ = {isa = PBXFileReference; fileEncoding = 4; includeInIndex = 1; lastKnownFileType = text.plist.strings; name = "es-US"; path = "es-US.lproj/InfoPlist.strings"; sourceTree = "<group>"; };
		8F78708358F202A046FA5D5C /* ta */ = {isa = PBXFileReference; fileEncoding = 4; includeInIndex = 1; lastKnownFileType = text.plist.strings; name = ta; path = ta.lproj/InfoPlist.strings; sourceTree = "<group>"; };
		91037A8A3E3F2E6D9EB2572F /* ro */ = {isa = PBXFileReference; fileEncoding = 4; includeInIndex = 1; lastKnownFileType = text.plist.strings; name = ro; path = ro.lproj/InfoPlist.strings; sourceTree = "<group>"; };
		914D6B310F4C45CC2EEA427C /* ko */ = {isa = PBXFileReference; fileEncoding = 4; includeInIndex = 1; lastKnownFileType = text.plist.strings; name = ko; path = ko.lproj/InfoPlist.strings; sourceTree = "<group>"; };
		920C08E8808C68D3A867B9E0 /* af */ = {isa = PBXFileReference; fileEncoding = 4; includeInIndex = 1; lastKnownFileType = text.plist.strings; name = af; path = af.lproj/InfoPlist.strings; sourceTree = "<group>"; };
		9237D754E85958A59352F8B2 /* el */ = {isa = PBXFileReference; fileEncoding = 4; includeInIndex = 1; lastKnownFileType = text.plist.strings; name = el; path = el.lproj/InfoPlist.strings; sourceTree = "<group>"; };
		92CBDF5A2AA2ADA3594E85F7 /* es */ = {isa = PBXFileReference; fileEncoding = 4; includeInIndex = 1; lastKnownFileType = text.plist.strings; name = es; path = es.lproj/InfoPlist.strings; sourceTree = "<group>"; };
		93AC144524372E812B6C4D21 /* da */ = {isa = PBXFileReference; fileEncoding = 4; includeInIndex = 1; lastKnownFileType = text.plist.strings; name = da; path = da.lproj/InfoPlist.strings; sourceTree = "<group>"; };
		94FF760A5A474307EA42BA5C /* sv */ = {isa = PBXFileReference; fileEncoding = 4; includeInIndex = 1; lastKnownFileType = text.plist.strings; name = sv; path = sv.lproj/InfoPlist.strings; sourceTree = "<group>"; };
		9740EEB21CF90195004384FC /* Debug.xcconfig */ = {isa = PBXFileReference; fileEncoding = 4; lastKnownFileType = text.xcconfig; name = Debug.xcconfig; path = Flutter/Debug.xcconfig; sourceTree = "<group>"; };
		9740EEB31CF90195004384FC /* Generated.xcconfig */ = {isa = PBXFileReference; fileEncoding = 4; lastKnownFileType = text.xcconfig; name = Generated.xcconfig; path = Flutter/Generated.xcconfig; sourceTree = "<group>"; };
		97C146EE1CF9000F007C117D /* Runner.app */ = {isa = PBXFileReference; explicitFileType = wrapper.application; includeInIndex = 0; path = Runner.app; sourceTree = BUILT_PRODUCTS_DIR; };
		97C146FB1CF9000F007C117D /* Base */ = {isa = PBXFileReference; lastKnownFileType = file.storyboard; name = Base; path = Base.lproj/Main.storyboard; sourceTree = "<group>"; };
		97C146FD1CF9000F007C117D /* Assets.xcassets */ = {isa = PBXFileReference; lastKnownFileType = folder.assetcatalog; path = Assets.xcassets; sourceTree = "<group>"; };
		97C147001CF9000F007C117D /* Base */ = {isa = PBXFileReference; lastKnownFileType = file.storyboard; name = Base; path = Base.lproj/LaunchScreen.storyboard; sourceTree = "<group>"; };
		97C147021CF9000F007C117D /* Info.plist */ = {isa = PBXFileReference; lastKnownFileType = text.plist.xml; path = Info.plist; sourceTree = "<group>"; };
		997C3BE511CBEE3C6161444C /* fr */ = {isa = PBXFileReference; fileEncoding = 4; includeInIndex = 1; lastKnownFileType = text.plist.strings; name = fr; path = fr.lproj/InfoPlist.strings; sourceTree = "<group>"; };
		9F59E893ED845FD506E700CB /* ShareExtension.appex */ = {isa = PBXFileReference; explicitFileType = "wrapper.app-extension"; includeInIndex = 0; path = ShareExtension.appex; sourceTree = BUILT_PRODUCTS_DIR; };
		A0D87170AF8A8B2A807B0E2E /* Pods-Runner.release.xcconfig */ = {isa = PBXFileReference; includeInIndex = 1; lastKnownFileType = text.xcconfig; name = "Pods-Runner.release.xcconfig"; path = "Target Support Files/Pods-Runner/Pods-Runner.release.xcconfig"; sourceTree = "<group>"; };
		A4554EAA3F1905AD03B871D3 /* fa */ = {isa = PBXFileReference; fileEncoding = 4; includeInIndex = 1; lastKnownFileType = text.plist.strings; name = fa; path = fa.lproj/InfoPlist.strings; sourceTree = "<group>"; };
		AA3F0BD7F188FB59F47E5BE7 /* km */ = {isa = PBXFileReference; fileEncoding = 4; includeInIndex = 1; lastKnownFileType = text.plist.strings; name = km; path = km.lproj/InfoPlist.strings; sourceTree = "<group>"; };
		AAF43193230D281E13F0DDDD /* ca */ = {isa = PBXFileReference; fileEncoding = 4; includeInIndex = 1; lastKnownFileType = text.plist.strings; name = ca; path = ca.lproj/InfoPlist.strings; sourceTree = "<group>"; };
		ACF9EEA382EF2CE099CF9F57 /* Pods_RunnerTests.framework */ = {isa = PBXFileReference; explicitFileType = wrapper.framework; includeInIndex = 0; path = Pods_RunnerTests.framework; sourceTree = BUILT_PRODUCTS_DIR; };
		AD1305CD3F4746618684FE9B /* th */ = {isa = PBXFileReference; fileEncoding = 4; includeInIndex = 1; lastKnownFileType = text.plist.strings; name = th; path = th.lproj/InfoPlist.strings; sourceTree = "<group>"; };
		B17E6FE0EE1BA0A7F726BAE3 /* ja */ = {isa = PBXFileReference; fileEncoding = 4; includeInIndex = 1; lastKnownFileType = text.plist.strings; name = ja; path = ja.lproj/InfoPlist.strings; sourceTree = "<group>"; };
		BEC29E263CDC8EA75390D120 /* ha */ = {isa = PBXFileReference; fileEncoding = 4; includeInIndex = 1; lastKnownFileType = text.plist.strings; name = ha; path = ha.lproj/InfoPlist.strings; sourceTree = "<group>"; };
		C2DC4CBEC6A2DCDBD747D2A3 /* sl */ = {isa = PBXFileReference; fileEncoding = 4; includeInIndex = 1; lastKnownFileType = text.plist.strings; name = sl; path = sl.lproj/InfoPlist.strings; sourceTree = "<group>"; };
		C3F180918EBA4F2A57713741 /* ml */ = {isa = PBXFileReference; fileEncoding = 4; includeInIndex = 1; lastKnownFileType = text.plist.strings; name = ml; path = ml.lproj/InfoPlist.strings; sourceTree = "<group>"; };
		C8F65FF4835DF886FBBEDDD0 /* ShareExtension.xcconfig */ = {isa = PBXFileReference; includeInIndex = 1; lastKnownFileType = text.xcconfig; path = ShareExtension.xcconfig; sourceTree = "<group>"; };
		CBB403AF69965BB10AC5AC30 /* Foundation.framework */ = {isa = PBXFileReference; lastKnownFileType = wrapper.framework; name = Foundation.framework; path = Platforms/iPhoneOS.platform/Developer/SDKs/iPhoneOS26.0.sdk/System/Library/Frameworks/Foundation.framework; sourceTree = DEVELOPER_DIR; };
		CEC1983EEDC6444BE9BF596B /* my */ = {isa = PBXFileReference; fileEncoding = 4; includeInIndex = 1; lastKnownFileType = text.plist.strings; name = my; path = my.lproj/InfoPlist.strings; sourceTree = "<group>"; };
		CEF29D3C59E880ED4BFF2B4F /* gu */ = {isa = PBXFileReference; fileEncoding = 4; includeInIndex = 1; lastKnownFileType = text.plist.strings; name = gu; path = gu.lproj/InfoPlist.strings; sourceTree = "<group>"; };
		D23D4A355D54145EAADE2E89 /* kk */ = {isa = PBXFileReference; fileEncoding = 4; includeInIndex = 1; lastKnownFileType = text.plist.strings; name = kk; path = kk.lproj/InfoPlist.strings; sourceTree = "<group>"; };
		D41C95CA5D5D53E213303E24 /* nl */ = {isa = PBXFileReference; fileEncoding = 4; includeInIndex = 1; lastKnownFileType = text.plist.strings; name = nl; path = nl.lproj/InfoPlist.strings; sourceTree = "<group>"; };
		D4D3D70B234B80B82CC98629 /* am */ = {isa = PBXFileReference; fileEncoding = 4; includeInIndex = 1; lastKnownFileType = text.plist.strings; name = am; path = am.lproj/InfoPlist.strings; sourceTree = "<group>"; };
		D6D69EB09CE04187B10AB735 /* id */ = {isa = PBXFileReference; fileEncoding = 4; includeInIndex = 1; lastKnownFileType = text.plist.strings; name = id; path = id.lproj/InfoPlist.strings; sourceTree = "<group>"; };
		D9CD190CE1AF96FB1BDB13A4 /* zh-Hant */ = {isa = PBXFileReference; fileEncoding = 4; includeInIndex = 1; lastKnownFileType = text.plist.strings; name = "zh-Hant"; path = "zh-Hant.lproj/InfoPlist.strings"; sourceTree = "<group>"; };
		DC9A5DE58743A3A7A226356C /* it */ = {isa = PBXFileReference; fileEncoding = 4; includeInIndex = 1; lastKnownFileType = text.plist.strings; name = it; path = it.lproj/InfoPlist.strings; sourceTree = "<group>"; };
		E0D0732CF2051CDF925A1EC7 /* pa */ = {isa = PBXFileReference; fileEncoding = 4; includeInIndex = 1; lastKnownFileType = text.plist.strings; name = pa; path = pa.lproj/InfoPlist.strings; sourceTree = "<group>"; };
		F52E4E8C69CAB1CC958E0F95 /* pt-BR */ = {isa = PBXFileReference; fileEncoding = 4; includeInIndex = 1; lastKnownFileType = text.plist.strings; name = "pt-BR"; path = "pt-BR.lproj/InfoPlist.strings"; sourceTree = "<group>"; };
		F9DB70BB2FE24753D2C20430 /* hr */ = {isa = PBXFileReference; fileEncoding = 4; includeInIndex = 1; lastKnownFileType = text.plist.strings; name = hr; path = hr.lproj/InfoPlist.strings; sourceTree = "<group>"; };
		FCD05C062CA09E590E30C28E /* fr-CA */ = {isa = PBXFileReference; fileEncoding = 4; includeInIndex = 1; lastKnownFileType = text.plist.strings; name = "fr-CA"; path = "fr-CA.lproj/InfoPlist.strings"; sourceTree = "<group>"; };
		FD4E8EFAE10F2143E44A9E46 /* vi */ = {isa = PBXFileReference; fileEncoding = 4; includeInIndex = 1; lastKnownFileType = text.plist.strings; name = vi; path = vi.lproj/InfoPlist.strings; sourceTree = "<group>"; };
		FEE9AF5536DBEF8A70CD4497 /* es-419 */ = {isa = PBXFileReference; fileEncoding = 4; includeInIndex = 1; lastKnownFileType = text.plist.strings; name = "es-419"; path = "es-419.lproj/InfoPlist.strings"; sourceTree = "<group>"; };
		FF679F483E78577D0D2F09FC /* Pods-RunnerTests.release.xcconfig */ = {isa = PBXFileReference; includeInIndex = 1; lastKnownFileType = text.xcconfig; name = "Pods-RunnerTests.release.xcconfig"; path = "Target Support Files/Pods-RunnerTests/Pods-RunnerTests.release.xcconfig"; sourceTree = "<group>"; };
/* End PBXFileReference section */

/* Begin PBXFrameworksBuildPhase section */
		1EAACCC11BAF44ACCF46BA80 /* Frameworks */ = {
			isa = PBXFrameworksBuildPhase;
			buildActionMask = 2147483647;
			files = (
				6C978DAD2622F326762CD204 /* Foundation.framework in Frameworks */,
			);
			runOnlyForDeploymentPostprocessing = 0;
		};
		97C146EB1CF9000F007C117D /* Frameworks */ = {
			isa = PBXFrameworksBuildPhase;
			buildActionMask = 2147483647;
			files = (
				83D8EEEC87CA6ED26C76FB0E /* Pods_Runner.framework in Frameworks */,
			);
			runOnlyForDeploymentPostprocessing = 0;
		};
		E3749CC46FD94B8DBBC10A58 /* Frameworks */ = {
			isa = PBXFrameworksBuildPhase;
			buildActionMask = 2147483647;
			files = (
				198DDE3E6475140D777A1669 /* Pods_RunnerTests.framework in Frameworks */,
			);
			runOnlyForDeploymentPostprocessing = 0;
		};
/* End PBXFrameworksBuildPhase section */

/* Begin PBXGroup section */
		127B0A387F9053C8E04F322C /* ShareExtension */ = {
			isa = PBXGroup;
			children = (
				2C40C3C8A57E52746343A228 /* ShareViewController.swift */,
				250E141AE02CF96464E617F4 /* Info.plist */,
				61C7091807DBFE1B6D818621 /* ShareExtension.entitlements */,
				C8F65FF4835DF886FBBEDDD0 /* ShareExtension.xcconfig */,
			);
			path = ShareExtension;
			sourceTree = "<group>";
		};
		331C8082294A63A400263BE5 /* RunnerTests */ = {
			isa = PBXGroup;
			children = (
				331C807B294A618700263BE5 /* RunnerTests.swift */,
			);
			path = RunnerTests;
			sourceTree = "<group>";
		};
		9740EEB11CF90186004384FC /* Flutter */ = {
			isa = PBXGroup;
			children = (
				3B3967151E833CAA004F5970 /* AppFrameworkInfo.plist */,
				9740EEB21CF90195004384FC /* Debug.xcconfig */,
				7AFA3C8E1D35360C0083082E /* Release.xcconfig */,
				9740EEB31CF90195004384FC /* Generated.xcconfig */,
			);
			name = Flutter;
			sourceTree = "<group>";
		};
		97C146E51CF9000F007C117D = {
			isa = PBXGroup;
			children = (
				9740EEB11CF90186004384FC /* Flutter */,
				97C146F01CF9000F007C117D /* Runner */,
				97C146EF1CF9000F007C117D /* Products */,
				331C8082294A63A400263BE5 /* RunnerTests */,
				B8CCCA492197D115C1C7824E /* Pods */,
				F0033DF483C6609DA33EB4A3 /* Frameworks */,
				127B0A387F9053C8E04F322C /* ShareExtension */,
			);
			sourceTree = "<group>";
		};
		97C146EF1CF9000F007C117D /* Products */ = {
			isa = PBXGroup;
			children = (
				97C146EE1CF9000F007C117D /* Runner.app */,
				331C8081294A63A400263BE5 /* RunnerTests.xctest */,
				9F59E893ED845FD506E700CB /* ShareExtension.appex */,
			);
			name = Products;
			sourceTree = "<group>";
		};
		97C146F01CF9000F007C117D /* Runner */ = {
			isa = PBXGroup;
			children = (
				97C146FA1CF9000F007C117D /* Main.storyboard */,
				97C146FD1CF9000F007C117D /* Assets.xcassets */,
				97C146FF1CF9000F007C117D /* LaunchScreen.storyboard */,
				97C147021CF9000F007C117D /* Info.plist */,
				1498D2321E8E86230040F4C2 /* GeneratedPluginRegistrant.h */,
				1498D2331E8E89220040F4C2 /* GeneratedPluginRegistrant.m */,
				74858FAE1ED2DC5600515810 /* AppDelegate.swift */,
				74858FAD1ED2DC5600515810 /* Runner-Bridging-Header.h */,
				247CE96FC56616A480D6D1AA /* InfoPlist.strings */,
			);
			path = Runner;
			sourceTree = "<group>";
		};
		B8CCCA492197D115C1C7824E /* Pods */ = {
			isa = PBXGroup;
			children = (
				5FE1151A8653AB4008A45A73 /* Pods-Runner.debug.xcconfig */,
				A0D87170AF8A8B2A807B0E2E /* Pods-Runner.release.xcconfig */,
				50C46EDEBF67D41C361E98A4 /* Pods-Runner.profile.xcconfig */,
				55069C483D7B69CF0C0BCDD4 /* Pods-RunnerTests.debug.xcconfig */,
				FF679F483E78577D0D2F09FC /* Pods-RunnerTests.release.xcconfig */,
				68F6288AABD0E04FCF1CD159 /* Pods-RunnerTests.profile.xcconfig */,
			);
			path = Pods;
			sourceTree = "<group>";
		};
		D67ADEE9BF40D74EF9971C69 /* iOS */ = {
			isa = PBXGroup;
			children = (
				CBB403AF69965BB10AC5AC30 /* Foundation.framework */,
			);
			name = iOS;
			sourceTree = "<group>";
		};
		F0033DF483C6609DA33EB4A3 /* Frameworks */ = {
			isa = PBXGroup;
			children = (
				72ABE2F1E87460B9684A8C25 /* Pods_Runner.framework */,
				ACF9EEA382EF2CE099CF9F57 /* Pods_RunnerTests.framework */,
				D67ADEE9BF40D74EF9971C69 /* iOS */,
			);
			name = Frameworks;
			sourceTree = "<group>";
		};
/* End PBXGroup section */

/* Begin PBXNativeTarget section */
		331C8080294A63A400263BE5 /* RunnerTests */ = {
			isa = PBXNativeTarget;
			buildConfigurationList = 331C8087294A63A400263BE5 /* Build configuration list for PBXNativeTarget "RunnerTests" */;
			buildPhases = (
				B9ED03A64A1708CAF1E7A2BD /* [CP] Check Pods Manifest.lock */,
				331C807D294A63A400263BE5 /* Sources */,
				331C807F294A63A400263BE5 /* Resources */,
				E3749CC46FD94B8DBBC10A58 /* Frameworks */,
			);
			buildRules = (
			);
			dependencies = (
				331C8086294A63A400263BE5 /* PBXTargetDependency */,
			);
			name = RunnerTests;
			productName = RunnerTests;
			productReference = 331C8081294A63A400263BE5 /* RunnerTests.xctest */;
			productType = "com.apple.product-type.bundle.unit-test";
		};
		81AE8E83440B009F06D22DC5 /* ShareExtension */ = {
			isa = PBXNativeTarget;
			buildConfigurationList = 1743B618E5B1AD1F5DDD0AB1 /* Build configuration list for PBXNativeTarget "ShareExtension" */;
			buildPhases = (
				5BC9322AB922ECC10F9EF1AF /* Sources */,
				1EAACCC11BAF44ACCF46BA80 /* Frameworks */,
				55B4324AFC6A90C127E862D1 /* Resources */,
			);
			buildRules = (
			);
			dependencies = (
			);
			name = ShareExtension;
			productName = ShareExtension;
			productReference = 9F59E893ED845FD506E700CB /* ShareExtension.appex */;
			productType = "com.apple.product-type.app-extension";
		};
		97C146ED1CF9000F007C117D /* Runner */ = {
			isa = PBXNativeTarget;
			buildConfigurationList = 97C147051CF9000F007C117D /* Build configuration list for PBXNativeTarget "Runner" */;
			buildPhases = (
				DA975FBEFA526B11CF1956CE /* [CP] Check Pods Manifest.lock */,
				9740EEB61CF901F6004384FC /* Run Script */,
				97C146EA1CF9000F007C117D /* Sources */,
				97C146EB1CF9000F007C117D /* Frameworks */,
				97C146EC1CF9000F007C117D /* Resources */,
				9705A1C41CF9048500538489 /* Embed Frameworks */,
				B0FD9B54CF5257F269EF0FDF /* Embed App Extensions */,
				3B06AD1E1E4923F5004D2608 /* Thin Binary */,
				92D8D6C3CEA87108C50A8252 /* [CP] Embed Pods Frameworks */,
			);
			buildRules = (
			);
			dependencies = (
				99006F84F01A0531D6BD82DF /* PBXTargetDependency */,
			);
			name = Runner;
			productName = Runner;
			productReference = 97C146EE1CF9000F007C117D /* Runner.app */;
			productType = "com.apple.product-type.application";
		};
/* End PBXNativeTarget section */

/* Begin PBXProject section */
		97C146E61CF9000F007C117D /* Project object */ = {
			isa = PBXProject;
			attributes = {
				BuildIndependentTargetsInParallel = YES;
				LastUpgradeCheck = 1510;
				ORGANIZATIONNAME = "";
				TargetAttributes = {
					331C8080294A63A400263BE5 = {
						CreatedOnToolsVersion = 14.0;
						TestTargetID = 97C146ED1CF9000F007C117D;
					};
					97C146ED1CF9000F007C117D = {
						CreatedOnToolsVersion = 7.3.1;
						LastSwiftMigration = 1100;
					};
				};
			};
			buildConfigurationList = 97C146E91CF9000F007C117D /* Build configuration list for PBXProject "Runner" */;
			compatibilityVersion = "Xcode 9.3";
			developmentRegion = en;
			hasScannedForEncodings = 0;
			knownRegions = (
				en,
				Base,
				af,
				am,
				ar,
				bg,
				bn,
				ca,
				cs,
				da,
				de,
				el,
				"es-419",
				"es-US",
				es,
				fa,
				fi,
				"fr-CA",
				fr,
				gu,
				ha,
				he,
				hi,
				hr,
				hu,
				id,
				it,
				ja,
				kk,
				km,
				kn,
				ko,
				ml,
				mr,
				ms,
				my,
				nl,
				nb,
				or,
				pa,
				pl,
				"pt-BR",
				pt,
				ro,
				ru,
				sk,
				sl,
				sr,
				sv,
				sw,
				ta,
				te,
				th,
				fil,
				tr,
				uk,
				ur,
				uz,
				vi,
				"zh-Hans",
				"zh-Hant",
				zu,
			);
			mainGroup = 97C146E51CF9000F007C117D;
			productRefGroup = 97C146EF1CF9000F007C117D /* Products */;
			projectDirPath = "";
			projectRoot = "";
			targets = (
				97C146ED1CF9000F007C117D /* Runner */,
				331C8080294A63A400263BE5 /* RunnerTests */,
				81AE8E83440B009F06D22DC5 /* ShareExtension */,
			);
		};
/* End PBXProject section */

/* Begin PBXResourcesBuildPhase section */
		331C807F294A63A400263BE5 /* Resources */ = {
			isa = PBXResourcesBuildPhase;
			buildActionMask = 2147483647;
			files = (
			);
			runOnlyForDeploymentPostprocessing = 0;
		};
		55B4324AFC6A90C127E862D1 /* Resources */ = {
			isa = PBXResourcesBuildPhase;
			buildActionMask = 2147483647;
			files = (
			);
			runOnlyForDeploymentPostprocessing = 0;
		};
		97C146EC1CF9000F007C117D /* Resources */ = {
			isa = PBXResourcesBuildPhase;
			buildActionMask = 2147483647;
			files = (
				97C147011CF9000F007C117D /* LaunchScreen.storyboard in Resources */,
				3B3967161E833CAA004F5970 /* AppFrameworkInfo.plist in Resources */,
				97C146FE1CF9000F007C117D /* Assets.xcassets in Resources */,
				97C146FC1CF9000F007C117D /* Main.storyboard in Resources */,
				21362004F8147E8EE0FA9AB0 /* InfoPlist.strings in Resources */,
			);
			runOnlyForDeploymentPostprocessing = 0;
		};
/* End PBXResourcesBuildPhase section */

/* Begin PBXShellScriptBuildPhase section */
		3B06AD1E1E4923F5004D2608 /* Thin Binary */ = {
			isa = PBXShellScriptBuildPhase;
			alwaysOutOfDate = 1;
			buildActionMask = 2147483647;
			files = (
			);
			inputPaths = (
				"${TARGET_BUILD_DIR}/${INFOPLIST_PATH}",
			);
			name = "Thin Binary";
			outputPaths = (
			);
			runOnlyForDeploymentPostprocessing = 0;
			shellPath = /bin/sh;
			shellScript = "/bin/sh \"$FLUTTER_ROOT/packages/flutter_tools/bin/xcode_backend.sh\" embed_and_thin";
		};
		92D8D6C3CEA87108C50A8252 /* [CP] Embed Pods Frameworks */ = {
			isa = PBXShellScriptBuildPhase;
			buildActionMask = 2147483647;
			files = (
			);
			inputFileListPaths = (
				"${PODS_ROOT}/Target Support Files/Pods-Runner/Pods-Runner-frameworks-${CONFIGURATION}-input-files.xcfilelist",
			);
			inputPaths = (
			);
			name = "[CP] Embed Pods Frameworks";
			outputFileListPaths = (
				"${PODS_ROOT}/Target Support Files/Pods-Runner/Pods-Runner-frameworks-${CONFIGURATION}-output-files.xcfilelist",
			);
			outputPaths = (
			);
			runOnlyForDeploymentPostprocessing = 0;
			shellPath = /bin/sh;
			shellScript = "\"${PODS_ROOT}/Target Support Files/Pods-Runner/Pods-Runner-frameworks.sh\"\n";
			showEnvVarsInLog = 0;
		};
		9740EEB61CF901F6004384FC /* Run Script */ = {
			isa = PBXShellScriptBuildPhase;
			alwaysOutOfDate = 1;
			buildActionMask = 2147483647;
			files = (
			);
			inputPaths = (
			);
			name = "Run Script";
			outputPaths = (
			);
			runOnlyForDeploymentPostprocessing = 0;
			shellPath = /bin/sh;
			shellScript = "/bin/sh \"$FLUTTER_ROOT/packages/flutter_tools/bin/xcode_backend.sh\" build";
		};
		B9ED03A64A1708CAF1E7A2BD /* [CP] Check Pods Manifest.lock */ = {
			isa = PBXShellScriptBuildPhase;
			buildActionMask = 2147483647;
			files = (
			);
			inputFileListPaths = (
			);
			inputPaths = (
				"${PODS_PODFILE_DIR_PATH}/Podfile.lock",
				"${PODS_ROOT}/Manifest.lock",
			);
			name = "[CP] Check Pods Manifest.lock";
			outputFileListPaths = (
			);
			outputPaths = (
				"$(DERIVED_FILE_DIR)/Pods-RunnerTests-checkManifestLockResult.txt",
			);
			runOnlyForDeploymentPostprocessing = 0;
			shellPath = /bin/sh;
			shellScript = "diff \"${PODS_PODFILE_DIR_PATH}/Podfile.lock\" \"${PODS_ROOT}/Manifest.lock\" > /dev/null\nif [ $? != 0 ] ; then\n    # print error to STDERR\n    echo \"error: The sandbox is not in sync with the Podfile.lock. Run 'pod install' or update your CocoaPods installation.\" >&2\n    exit 1\nfi\n# This output is used by Xcode 'outputs' to avoid re-running this script phase.\necho \"SUCCESS\" > \"${SCRIPT_OUTPUT_FILE_0}\"\n";
			showEnvVarsInLog = 0;
		};
		DA975FBEFA526B11CF1956CE /* [CP] Check Pods Manifest.lock */ = {
			isa = PBXShellScriptBuildPhase;
			buildActionMask = 2147483647;
			files = (
			);
			inputFileListPaths = (
			);
			inputPaths = (
				"${PODS_PODFILE_DIR_PATH}/Podfile.lock",
				"${PODS_ROOT}/Manifest.lock",
			);
			name = "[CP] Check Pods Manifest.lock";
			outputFileListPaths = (
			);
			outputPaths = (
				"$(DERIVED_FILE_DIR)/Pods-Runner-checkManifestLockResult.txt",
			);
			runOnlyForDeploymentPostprocessing = 0;
			shellPath = /bin/sh;
			shellScript = "diff \"${PODS_PODFILE_DIR_PATH}/Podfile.lock\" \"${PODS_ROOT}/Manifest.lock\" > /dev/null\nif [ $? != 0 ] ; then\n    # print error to STDERR\n    echo \"error: The sandbox is not in sync with the Podfile.lock. Run 'pod install' or update your CocoaPods installation.\" >&2\n    exit 1\nfi\n# This output is used by Xcode 'outputs' to avoid re-running this script phase.\necho \"SUCCESS\" > \"${SCRIPT_OUTPUT_FILE_0}\"\n";
			showEnvVarsInLog = 0;
		};
/* End PBXShellScriptBuildPhase section */

/* Begin PBXSourcesBuildPhase section */
		331C807D294A63A400263BE5 /* Sources */ = {
			isa = PBXSourcesBuildPhase;
			buildActionMask = 2147483647;
			files = (
				331C808B294A63AB00263BE5 /* RunnerTests.swift in Sources */,
			);
			runOnlyForDeploymentPostprocessing = 0;
		};
		5BC9322AB922ECC10F9EF1AF /* Sources */ = {
			isa = PBXSourcesBuildPhase;
			buildActionMask = 2147483647;
			files = (
				D802BD76FFE8E372F17F3546 /* ShareViewController.swift in Sources */,
			);
			runOnlyForDeploymentPostprocessing = 0;
		};
		97C146EA1CF9000F007C117D /* Sources */ = {
			isa = PBXSourcesBuildPhase;
			buildActionMask = 2147483647;
			files = (
				74858FAF1ED2DC5600515810 /* AppDelegate.swift in Sources */,
				1498D2341E8E89220040F4C2 /* GeneratedPluginRegistrant.m in Sources */,
			);
			runOnlyForDeploymentPostprocessing = 0;
		};
/* End PBXSourcesBuildPhase section */

/* Begin PBXTargetDependency section */
		331C8086294A63A400263BE5 /* PBXTargetDependency */ = {
			isa = PBXTargetDependency;
			target = 97C146ED1CF9000F007C117D /* Runner */;
			targetProxy = 331C8085294A63A400263BE5 /* PBXContainerItemProxy */;
		};
		99006F84F01A0531D6BD82DF /* PBXTargetDependency */ = {
			isa = PBXTargetDependency;
			name = ShareExtension;
			target = 81AE8E83440B009F06D22DC5 /* ShareExtension */;
			targetProxy = 5719F6722D410AC8AA6D0CB7 /* PBXContainerItemProxy */;
		};
/* End PBXTargetDependency section */

/* Begin PBXVariantGroup section */
		247CE96FC56616A480D6D1AA /* InfoPlist.strings */ = {
			isa = PBXVariantGroup;
			children = (
				920C08E8808C68D3A867B9E0 /* af */,
				D4D3D70B234B80B82CC98629 /* am */,
				02A19865C916F135DA8CDF1D /* ar */,
				40C0F4D46252AD54C156312D /* bg */,
				3F48E43B85AB1D740C1E812F /* bn */,
				AAF43193230D281E13F0DDDD /* ca */,
				7210FD5B09029B0D88D2B1F6 /* cs */,
				93AC144524372E812B6C4D21 /* da */,
				1E76C36FA7CCD9EB21A45368 /* de */,
				9237D754E85958A59352F8B2 /* el */,
				7127F67B855F4E2D6CD80618 /* en */,
				FEE9AF5536DBEF8A70CD4497 /* es-419 */,
				8A04820F8010AC10DC4C09C5 /* es-US */,
				92CBDF5A2AA2ADA3594E85F7 /* es */,
				A4554EAA3F1905AD03B871D3 /* fa */,
				147344868CAC1A866C9161D0 /* fi */,
				FCD05C062CA09E590E30C28E /* fr-CA */,
				997C3BE511CBEE3C6161444C /* fr */,
				CEF29D3C59E880ED4BFF2B4F /* gu */,
				BEC29E263CDC8EA75390D120 /* ha */,
				63AC28A99703761663D6D05F /* he */,
				55AFF6322EBDA08883DF7529 /* hi */,
				F9DB70BB2FE24753D2C20430 /* hr */,
				1AD3D86E14F6F6A1139E83EB /* hu */,
				D6D69EB09CE04187B10AB735 /* id */,
				DC9A5DE58743A3A7A226356C /* it */,
				B17E6FE0EE1BA0A7F726BAE3 /* ja */,
				D23D4A355D54145EAADE2E89 /* kk */,
				AA3F0BD7F188FB59F47E5BE7 /* km */,
				4B284E7E62CD14113A759233 /* kn */,
				914D6B310F4C45CC2EEA427C /* ko */,
				C3F180918EBA4F2A57713741 /* ml */,
				3F4E96232C55D73B6B00A670 /* mr */,
				2DFEC7E4AFFEBCED1F984F3C /* ms */,
				CEC1983EEDC6444BE9BF596B /* my */,
				D41C95CA5D5D53E213303E24 /* nl */,
				4CEED8EEBF2267CA63439FAA /* no */,
				2B114860560AE24E105DD562 /* or */,
				E0D0732CF2051CDF925A1EC7 /* pa */,
				73B97F6D580E0A713E99A29A /* pl */,
				F52E4E8C69CAB1CC958E0F95 /* pt-BR */,
				44534A8D30834302169FD1C0 /* pt */,
				91037A8A3E3F2E6D9EB2572F /* ro */,
				083EF22F805E8596662E76EB /* ru */,
				348F1B1D96C0ACF25FD471F5 /* sk */,
				C2DC4CBEC6A2DCDBD747D2A3 /* sl */,
				0D826C8E8DB6268E131B3A26 /* sr */,
				94FF760A5A474307EA42BA5C /* sv */,
				69E4A3D09860940965FF70C7 /* sw */,
				8F78708358F202A046FA5D5C /* ta */,
				55E2E60DF5D7E1A773B3B24D /* te */,
				AD1305CD3F4746618684FE9B /* th */,
				6252348C9D37B4645DA677AB /* tl */,
				3B8802231F0BAA19881A35C1 /* tr */,
				6717E4EEF2CC3C7EB19E5307 /* uk */,
				366F7258F0EDB7791C436DF3 /* ur */,
				4B0C4DFBAF9D150B83561A4E /* uz */,
				FD4E8EFAE10F2143E44A9E46 /* vi */,
				869AE43D2EEE15AFEBC5772A /* zh-Hans */,
				D9CD190CE1AF96FB1BDB13A4 /* zh-Hant */,
				1049F50596BD15C377BC7947 /* zu */,
			);
			name = InfoPlist.strings;
			sourceTree = "<group>";
		};
		97C146FA1CF9000F007C117D /* Main.storyboard */ = {
			isa = PBXVariantGroup;
			children = (
				97C146FB1CF9000F007C117D /* Base */,
			);
			name = Main.storyboard;
			sourceTree = "<group>";
		};
		97C146FF1CF9000F007C117D /* LaunchScreen.storyboard */ = {
			isa = PBXVariantGroup;
			children = (
				97C147001CF9000F007C117D /* Base */,
			);
			name = LaunchScreen.storyboard;
			sourceTree = "<group>";
		};
/* End PBXVariantGroup section */

/* Begin XCBuildConfiguration section */
		22AA25B7CBE9401E118CEEB4 /* Release */ = {
			isa = XCBuildConfiguration;
			baseConfigurationReference = C8F65FF4835DF886FBBEDDD0 /* ShareExtension.xcconfig */;
			buildSettings = {
				CLANG_ENABLE_OBJC_WEAK = NO;
				CODE_SIGN_ENTITLEMENTS = ShareExtension/ShareExtension.entitlements;
				CODE_SIGN_STYLE = Automatic;
				DEVELOPMENT_TEAM = P485CFZ97P;
				GENERATE_INFOPLIST_FILE = NO;
				INFOPLIST_FILE = ShareExtension/Info.plist;
				IPHONEOS_DEPLOYMENT_TARGET = 15.0;
				LD_RUNPATH_SEARCH_PATHS = (
					"$(inherited)",
					"@executable_path/Frameworks",
					"@executable_path/../../Frameworks",
				);
				PRODUCT_BUNDLE_IDENTIFIER = com.eluna.media.ShareExtension;
				PRODUCT_NAME = "$(TARGET_NAME)";
				SDKROOT = iphoneos;
				SKIP_INSTALL = YES;
				SWIFT_VERSION = 5.0;
				TARGETED_DEVICE_FAMILY = "1,2";
				VALIDATE_PRODUCT = YES;
				WRAPPER_EXTENSION = appex;
			};
			name = Release;
		};
		249021D3217E4FDB00AE95B9 /* Profile */ = {
			isa = XCBuildConfiguration;
			buildSettings = {
				ALWAYS_SEARCH_USER_PATHS = NO;
				ASSETCATALOG_COMPILER_GENERATE_SWIFT_ASSET_SYMBOL_EXTENSIONS = YES;
				CLANG_ANALYZER_NONNULL = YES;
				CLANG_CXX_LANGUAGE_STANDARD = "gnu++0x";
				CLANG_CXX_LIBRARY = "libc++";
				CLANG_ENABLE_MODULES = YES;
				CLANG_ENABLE_OBJC_ARC = YES;
				CLANG_WARN_BLOCK_CAPTURE_AUTORELEASING = YES;
				CLANG_WARN_BOOL_CONVERSION = YES;
				CLANG_WARN_COMMA = YES;
				CLANG_WARN_CONSTANT_CONVERSION = YES;
				CLANG_WARN_DEPRECATED_OBJC_IMPLEMENTATIONS = YES;
				CLANG_WARN_DIRECT_OBJC_ISA_USAGE = YES_ERROR;
				CLANG_WARN_EMPTY_BODY = YES;
				CLANG_WARN_ENUM_CONVERSION = YES;
				CLANG_WARN_INFINITE_RECURSION = YES;
				CLANG_WARN_INT_CONVERSION = YES;
				CLANG_WARN_NON_LITERAL_NULL_CONVERSION = YES;
				CLANG_WARN_OBJC_IMPLICIT_RETAIN_SELF = YES;
				CLANG_WARN_OBJC_LITERAL_CONVERSION = YES;
				CLANG_WARN_OBJC_ROOT_CLASS = YES_ERROR;
				CLANG_WARN_RANGE_LOOP_ANALYSIS = YES;
				CLANG_WARN_STRICT_PROTOTYPES = YES;
				CLANG_WARN_SUSPICIOUS_MOVE = YES;
				CLANG_WARN_UNREACHABLE_CODE = YES;
				CLANG_WARN__DUPLICATE_METHOD_MATCH = YES;
				"CODE_SIGN_IDENTITY[sdk=iphoneos*]" = "iPhone Developer";
				COPY_PHASE_STRIP = NO;
				DEBUG_INFORMATION_FORMAT = "dwarf-with-dsym";
				ENABLE_NS_ASSERTIONS = NO;
				ENABLE_STRICT_OBJC_MSGSEND = YES;
				ENABLE_USER_SCRIPT_SANDBOXING = NO;
				GCC_C_LANGUAGE_STANDARD = gnu99;
				GCC_NO_COMMON_BLOCKS = YES;
				GCC_WARN_64_TO_32_BIT_CONVERSION = YES;
				GCC_WARN_ABOUT_RETURN_TYPE = YES_ERROR;
				GCC_WARN_UNDECLARED_SELECTOR = YES;
				GCC_WARN_UNINITIALIZED_AUTOS = YES_AGGRESSIVE;
				GCC_WARN_UNUSED_FUNCTION = YES;
				GCC_WARN_UNUSED_VARIABLE = YES;
				IPHONEOS_DEPLOYMENT_TARGET = 15.0;
				MTL_ENABLE_DEBUG_INFO = NO;
				SDKROOT = iphoneos;
				SUPPORTED_PLATFORMS = iphoneos;
				TARGETED_DEVICE_FAMILY = "1,2";
				VALIDATE_PRODUCT = YES;
			};
			name = Profile;
		};
		249021D4217E4FDB00AE95B9 /* Profile */ = {
			isa = XCBuildConfiguration;
			baseConfigurationReference = 7AFA3C8E1D35360C0083082E /* Release.xcconfig */;
			buildSettings = {
				ASSETCATALOG_COMPILER_ALTERNATE_APPICON_NAMES = "AppIcon-petals AppIcon-toolbox AppIcon-neon AppIcon-orbit AppIcon-unbox AppIcon-clamp AppIcon-envelope AppIcon-satchel";
				ASSETCATALOG_COMPILER_APPICON_NAME = AppIcon;
				ASSETCATALOG_COMPILER_INCLUDE_ALL_APPICON_ASSETS = YES;
				CLANG_ENABLE_MODULES = YES;
				CODE_SIGN_ENTITLEMENTS = Runner/Runner.entitlements;
				CURRENT_PROJECT_VERSION = "$(FLUTTER_BUILD_NUMBER)";
				ENABLE_BITCODE = NO;
				INFOPLIST_FILE = Runner/Info.plist;
				LD_RUNPATH_SEARCH_PATHS = (
					"$(inherited)",
					"@executable_path/Frameworks",
				);
				PRODUCT_BUNDLE_IDENTIFIER = com.eluna.media;
				PRODUCT_NAME = "$(TARGET_NAME)";
				SWIFT_OBJC_BRIDGING_HEADER = "Runner/Runner-Bridging-Header.h";
				SWIFT_VERSION = 5.0;
				VERSIONING_SYSTEM = "apple-generic";
			};
			name = Profile;
		};
		328FE1F859A134583B27FA72 /* Profile */ = {
			isa = XCBuildConfiguration;
			baseConfigurationReference = C8F65FF4835DF886FBBEDDD0 /* ShareExtension.xcconfig */;
			buildSettings = {
				CLANG_ENABLE_OBJC_WEAK = NO;
				CODE_SIGN_ENTITLEMENTS = ShareExtension/ShareExtension.entitlements;
				CODE_SIGN_STYLE = Automatic;
				DEVELOPMENT_TEAM = P485CFZ97P;
				GENERATE_INFOPLIST_FILE = NO;
				INFOPLIST_FILE = ShareExtension/Info.plist;
				IPHONEOS_DEPLOYMENT_TARGET = 15.0;
				LD_RUNPATH_SEARCH_PATHS = (
					"$(inherited)",
					"@executable_path/Frameworks",
					"@executable_path/../../Frameworks",
				);
				PRODUCT_BUNDLE_IDENTIFIER = com.eluna.media.ShareExtension;
				PRODUCT_NAME = "$(TARGET_NAME)";
				SDKROOT = iphoneos;
				SKIP_INSTALL = YES;
				SWIFT_VERSION = 5.0;
				TARGETED_DEVICE_FAMILY = "1,2";
				VALIDATE_PRODUCT = YES;
				WRAPPER_EXTENSION = appex;
			};
			name = Profile;
		};
		331C8088294A63A400263BE5 /* Debug */ = {
			isa = XCBuildConfiguration;
			baseConfigurationReference = 55069C483D7B69CF0C0BCDD4 /* Pods-RunnerTests.debug.xcconfig */;
			buildSettings = {
				BUNDLE_LOADER = "$(TEST_HOST)";
				CODE_SIGN_STYLE = Automatic;
				CURRENT_PROJECT_VERSION = 1;
				GENERATE_INFOPLIST_FILE = YES;
				MARKETING_VERSION = 1.0;
				PRODUCT_BUNDLE_IDENTIFIER = com.eluna.media.RunnerTests;
				PRODUCT_NAME = "$(TARGET_NAME)";
				SWIFT_ACTIVE_COMPILATION_CONDITIONS = DEBUG;
				SWIFT_OPTIMIZATION_LEVEL = "-Onone";
				SWIFT_VERSION = 5.0;
				TEST_HOST = "$(BUILT_PRODUCTS_DIR)/Runner.app/$(BUNDLE_EXECUTABLE_FOLDER_PATH)/Runner";
			};
			name = Debug;
		};
		331C8089294A63A400263BE5 /* Release */ = {
			isa = XCBuildConfiguration;
			baseConfigurationReference = FF679F483E78577D0D2F09FC /* Pods-RunnerTests.release.xcconfig */;
			buildSettings = {
				BUNDLE_LOADER = "$(TEST_HOST)";
				CODE_SIGN_STYLE = Automatic;
				CURRENT_PROJECT_VERSION = 1;
				GENERATE_INFOPLIST_FILE = YES;
				MARKETING_VERSION = 1.0;
				PRODUCT_BUNDLE_IDENTIFIER = com.eluna.media.RunnerTests;
				PRODUCT_NAME = "$(TARGET_NAME)";
				SWIFT_VERSION = 5.0;
				TEST_HOST = "$(BUILT_PRODUCTS_DIR)/Runner.app/$(BUNDLE_EXECUTABLE_FOLDER_PATH)/Runner";
			};
			name = Release;
		};
		331C808A294A63A400263BE5 /* Profile */ = {
			isa = XCBuildConfiguration;
			baseConfigurationReference = 68F6288AABD0E04FCF1CD159 /* Pods-RunnerTests.profile.xcconfig */;
			buildSettings = {
				BUNDLE_LOADER = "$(TEST_HOST)";
				CODE_SIGN_STYLE = Automatic;
				CURRENT_PROJECT_VERSION = 1;
				GENERATE_INFOPLIST_FILE = YES;
				MARKETING_VERSION = 1.0;
				PRODUCT_BUNDLE_IDENTIFIER = com.eluna.media.RunnerTests;
				PRODUCT_NAME = "$(TARGET_NAME)";
				SWIFT_VERSION = 5.0;
				TEST_HOST = "$(BUILT_PRODUCTS_DIR)/Runner.app/$(BUNDLE_EXECUTABLE_FOLDER_PATH)/Runner";
			};
			name = Profile;
		};
		97C147031CF9000F007C117D /* Debug */ = {
			isa = XCBuildConfiguration;
			buildSettings = {
				ALWAYS_SEARCH_USER_PATHS = NO;
				ASSETCATALOG_COMPILER_GENERATE_SWIFT_ASSET_SYMBOL_EXTENSIONS = YES;
				CLANG_ANALYZER_NONNULL = YES;
				CLANG_CXX_LANGUAGE_STANDARD = "gnu++0x";
				CLANG_CXX_LIBRARY = "libc++";
				CLANG_ENABLE_MODULES = YES;
				CLANG_ENABLE_OBJC_ARC = YES;
				CLANG_WARN_BLOCK_CAPTURE_AUTORELEASING = YES;
				CLANG_WARN_BOOL_CONVERSION = YES;
				CLANG_WARN_COMMA = YES;
				CLANG_WARN_CONSTANT_CONVERSION = YES;
				CLANG_WARN_DEPRECATED_OBJC_IMPLEMENTATIONS = YES;
				CLANG_WARN_DIRECT_OBJC_ISA_USAGE = YES_ERROR;
				CLANG_WARN_EMPTY_BODY = YES;
				CLANG_WARN_ENUM_CONVERSION = YES;
				CLANG_WARN_INFINITE_RECURSION = YES;
				CLANG_WARN_INT_CONVERSION = YES;
				CLANG_WARN_NON_LITERAL_NULL_CONVERSION = YES;
				CLANG_WARN_OBJC_IMPLICIT_RETAIN_SELF = YES;
				CLANG_WARN_OBJC_LITERAL_CONVERSION = YES;
				CLANG_WARN_OBJC_ROOT_CLASS = YES_ERROR;
				CLANG_WARN_RANGE_LOOP_ANALYSIS = YES;
				CLANG_WARN_STRICT_PROTOTYPES = YES;
				CLANG_WARN_SUSPICIOUS_MOVE = YES;
				CLANG_WARN_UNREACHABLE_CODE = YES;
				CLANG_WARN__DUPLICATE_METHOD_MATCH = YES;
				"CODE_SIGN_IDENTITY[sdk=iphoneos*]" = "iPhone Developer";
				COPY_PHASE_STRIP = NO;
				DEBUG_INFORMATION_FORMAT = dwarf;
				ENABLE_STRICT_OBJC_MSGSEND = YES;
				ENABLE_TESTABILITY = YES;
				ENABLE_USER_SCRIPT_SANDBOXING = NO;
				GCC_C_LANGUAGE_STANDARD = gnu99;
				GCC_DYNAMIC_NO_PIC = NO;
				GCC_NO_COMMON_BLOCKS = YES;
				GCC_OPTIMIZATION_LEVEL = 0;
				GCC_PREPROCESSOR_DEFINITIONS = (
					"DEBUG=1",
					"$(inherited)",
				);
				GCC_WARN_64_TO_32_BIT_CONVERSION = YES;
				GCC_WARN_ABOUT_RETURN_TYPE = YES_ERROR;
				GCC_WARN_UNDECLARED_SELECTOR = YES;
				GCC_WARN_UNINITIALIZED_AUTOS = YES_AGGRESSIVE;
				GCC_WARN_UNUSED_FUNCTION = YES;
				GCC_WARN_UNUSED_VARIABLE = YES;
				IPHONEOS_DEPLOYMENT_TARGET = 15.0;
				MTL_ENABLE_DEBUG_INFO = YES;
				ONLY_ACTIVE_ARCH = YES;
				SDKROOT = iphoneos;
				TARGETED_DEVICE_FAMILY = "1,2";
			};
			name = Debug;
		};
		97C147041CF9000F007C117D /* Release */ = {
			isa = XCBuildConfiguration;
			buildSettings = {
				ALWAYS_SEARCH_USER_PATHS = NO;
				ASSETCATALOG_COMPILER_GENERATE_SWIFT_ASSET_SYMBOL_EXTENSIONS = YES;
				CLANG_ANALYZER_NONNULL = YES;
				CLANG_CXX_LANGUAGE_STANDARD = "gnu++0x";
				CLANG_CXX_LIBRARY = "libc++";
				CLANG_ENABLE_MODULES = YES;
				CLANG_ENABLE_OBJC_ARC = YES;
				CLANG_WARN_BLOCK_CAPTURE_AUTORELEASING = YES;
				CLANG_WARN_BOOL_CONVERSION = YES;
				CLANG_WARN_COMMA = YES;
				CLANG_WARN_CONSTANT_CONVERSION = YES;
				CLANG_WARN_DEPRECATED_OBJC_IMPLEMENTATIONS = YES;
				CLANG_WARN_DIRECT_OBJC_ISA_USAGE = YES_ERROR;
				CLANG_WARN_EMPTY_BODY = YES;
				CLANG_WARN_ENUM_CONVERSION = YES;
				CLANG_WARN_INFINITE_RECURSION = YES;
				CLANG_WARN_INT_CONVERSION = YES;
				CLANG_WARN_NON_LITERAL_NULL_CONVERSION = YES;
				CLANG_WARN_OBJC_IMPLICIT_RETAIN_SELF = YES;
				CLANG_WARN_OBJC_LITERAL_CONVERSION = YES;
				CLANG_WARN_OBJC_ROOT_CLASS = YES_ERROR;
				CLANG_WARN_RANGE_LOOP_ANALYSIS = YES;
				CLANG_WARN_STRICT_PROTOTYPES = YES;
				CLANG_WARN_SUSPICIOUS_MOVE = YES;
				CLANG_WARN_UNREACHABLE_CODE = YES;
				CLANG_WARN__DUPLICATE_METHOD_MATCH = YES;
				"CODE_SIGN_IDENTITY[sdk=iphoneos*]" = "iPhone Developer";
				COPY_PHASE_STRIP = NO;
				DEBUG_INFORMATION_FORMAT = "dwarf-with-dsym";
				ENABLE_NS_ASSERTIONS = NO;
				ENABLE_STRICT_OBJC_MSGSEND = YES;
				ENABLE_USER_SCRIPT_SANDBOXING = NO;
				GCC_C_LANGUAGE_STANDARD = gnu99;
				GCC_NO_COMMON_BLOCKS = YES;
				GCC_WARN_64_TO_32_BIT_CONVERSION = YES;
				GCC_WARN_ABOUT_RETURN_TYPE = YES_ERROR;
				GCC_WARN_UNDECLARED_SELECTOR = YES;
				GCC_WARN_UNINITIALIZED_AUTOS = YES_AGGRESSIVE;
				GCC_WARN_UNUSED_FUNCTION = YES;
				GCC_WARN_UNUSED_VARIABLE = YES;
				IPHONEOS_DEPLOYMENT_TARGET = 15.0;
				MTL_ENABLE_DEBUG_INFO = NO;
				SDKROOT = iphoneos;
				SUPPORTED_PLATFORMS = iphoneos;
				SWIFT_COMPILATION_MODE = wholemodule;
				SWIFT_OPTIMIZATION_LEVEL = "-O";
				TARGETED_DEVICE_FAMILY = "1,2";
				VALIDATE_PRODUCT = YES;
			};
			name = Release;
		};
		97C147061CF9000F007C117D /* Debug */ = {
			isa = XCBuildConfiguration;
			baseConfigurationReference = 9740EEB21CF90195004384FC /* Debug.xcconfig */;
			buildSettings = {
				ASSETCATALOG_COMPILER_ALTERNATE_APPICON_NAMES = "AppIcon-petals AppIcon-toolbox AppIcon-neon AppIcon-orbit AppIcon-unbox AppIcon-clamp AppIcon-envelope AppIcon-satchel";
				ASSETCATALOG_COMPILER_APPICON_NAME = AppIcon;
				ASSETCATALOG_COMPILER_INCLUDE_ALL_APPICON_ASSETS = YES;
				CLANG_ENABLE_MODULES = YES;
				CODE_SIGN_ENTITLEMENTS = Runner/Runner.entitlements;
				CURRENT_PROJECT_VERSION = "$(FLUTTER_BUILD_NUMBER)";
				ENABLE_BITCODE = NO;
				INFOPLIST_FILE = Runner/Info.plist;
				LD_RUNPATH_SEARCH_PATHS = (
					"$(inherited)",
					"@executable_path/Frameworks",
				);
				PRODUCT_BUNDLE_IDENTIFIER = com.eluna.media;
				PRODUCT_NAME = "$(TARGET_NAME)";
				SWIFT_OBJC_BRIDGING_HEADER = "Runner/Runner-Bridging-Header.h";
				SWIFT_OPTIMIZATION_LEVEL = "-Onone";
				SWIFT_VERSION = 5.0;
				VERSIONING_SYSTEM = "apple-generic";
			};
			name = Debug;
		};
		97C147071CF9000F007C117D /* Release */ = {
			isa = XCBuildConfiguration;
			baseConfigurationReference = 7AFA3C8E1D35360C0083082E /* Release.xcconfig */;
			buildSettings = {
				ASSETCATALOG_COMPILER_ALTERNATE_APPICON_NAMES = "AppIcon-petals AppIcon-toolbox AppIcon-neon AppIcon-orbit AppIcon-unbox AppIcon-clamp AppIcon-envelope AppIcon-satchel";
				ASSETCATALOG_COMPILER_APPICON_NAME = AppIcon;
				ASSETCATALOG_COMPILER_INCLUDE_ALL_APPICON_ASSETS = YES;
				CLANG_ENABLE_MODULES = YES;
				CODE_SIGN_ENTITLEMENTS = Runner/Runner.entitlements;
				CURRENT_PROJECT_VERSION = "$(FLUTTER_BUILD_NUMBER)";
				ENABLE_BITCODE = NO;
				INFOPLIST_FILE = Runner/Info.plist;
				LD_RUNPATH_SEARCH_PATHS = (
					"$(inherited)",
					"@executable_path/Frameworks",
				);
				PRODUCT_BUNDLE_IDENTIFIER = com.eluna.media;
				PRODUCT_NAME = "$(TARGET_NAME)";
				SWIFT_OBJC_BRIDGING_HEADER = "Runner/Runner-Bridging-Header.h";
				SWIFT_VERSION = 5.0;
				VERSIONING_SYSTEM = "apple-generic";
			};
			name = Release;
		};
		EA924719165F9853BE559AA8 /* Debug */ = {
			isa = XCBuildConfiguration;
			baseConfigurationReference = C8F65FF4835DF886FBBEDDD0 /* ShareExtension.xcconfig */;
			buildSettings = {
				CLANG_ENABLE_OBJC_WEAK = NO;
				CODE_SIGN_ENTITLEMENTS = ShareExtension/ShareExtension.entitlements;
				CODE_SIGN_STYLE = Automatic;
				DEVELOPMENT_TEAM = P485CFZ97P;
				GENERATE_INFOPLIST_FILE = NO;
				INFOPLIST_FILE = ShareExtension/Info.plist;
				IPHONEOS_DEPLOYMENT_TARGET = 15.0;
				LD_RUNPATH_SEARCH_PATHS = (
					"$(inherited)",
					"@executable_path/Frameworks",
					"@executable_path/../../Frameworks",
				);
				PRODUCT_BUNDLE_IDENTIFIER = com.eluna.media.ShareExtension;
				PRODUCT_NAME = "$(TARGET_NAME)";
				SDKROOT = iphoneos;
				SKIP_INSTALL = YES;
				SWIFT_VERSION = 5.0;
				TARGETED_DEVICE_FAMILY = "1,2";
				WRAPPER_EXTENSION = appex;
			};
			name = Debug;
		};
/* End XCBuildConfiguration section */

/* Begin XCConfigurationList section */
		1743B618E5B1AD1F5DDD0AB1 /* Build configuration list for PBXNativeTarget "ShareExtension" */ = {
			isa = XCConfigurationList;
			buildConfigurations = (
				22AA25B7CBE9401E118CEEB4 /* Release */,
				EA924719165F9853BE559AA8 /* Debug */,
				328FE1F859A134583B27FA72 /* Profile */,
			);
			defaultConfigurationIsVisible = 0;
			defaultConfigurationName = Release;
		};
		331C8087294A63A400263BE5 /* Build configuration list for PBXNativeTarget "RunnerTests" */ = {
			isa = XCConfigurationList;
			buildConfigurations = (
				331C8088294A63A400263BE5 /* Debug */,
				331C8089294A63A400263BE5 /* Release */,
				331C808A294A63A400263BE5 /* Profile */,
			);
			defaultConfigurationIsVisible = 0;
			defaultConfigurationName = Release;
		};
		97C146E91CF9000F007C117D /* Build configuration list for PBXProject "Runner" */ = {
			isa = XCConfigurationList;
			buildConfigurations = (
				97C147031CF9000F007C117D /* Debug */,
				97C147041CF9000F007C117D /* Release */,
				249021D3217E4FDB00AE95B9 /* Profile */,
			);
			defaultConfigurationIsVisible = 0;
			defaultConfigurationName = Release;
		};
		97C147051CF9000F007C117D /* Build configuration list for PBXNativeTarget "Runner" */ = {
			isa = XCConfigurationList;
			buildConfigurations = (
				97C147061CF9000F007C117D /* Debug */,
				97C147071CF9000F007C117D /* Release */,
				249021D4217E4FDB00AE95B9 /* Profile */,
			);
			defaultConfigurationIsVisible = 0;
			defaultConfigurationName = Release;
		};
/* End XCConfigurationList section */
	};
	rootObject = 97C146E61CF9000F007C117D /* Project object */;
}
